
Microsoft Visual Studio Solution File, Format Version 12.00
# Visual Studio 15
VisualStudioVersion = 15.0.28307.168
MinimumVisualStudioVersion = 10.0.40219.1
Project("{FAE04EC0-301F-11D3-BF4B-00C04F79EFBC}") = "CSD3354-1-ASSIGNMENT-3-A", "CSD3354-1-ASSIGNMENT-3-A\CSD3354-1-ASSIGNMENT-3-A.csproj", "{C57788B6-EBE5-4781-B9D0-1C4ADF8801FA}"
EndProject
Global
	GlobalSection(SolutionConfigurationPlatforms) = preSolution
		Debug|Any CPU = Debug|Any CPU
		Release|Any CPU = Release|Any CPU
	EndGlobalSection
	GlobalSection(ProjectConfigurationPlatforms) = postSolution
		{C57788B6-EBE5-4781-B9D0-1C4ADF8801FA}.Debug|Any CPU.ActiveCfg = Debug|Any CPU
		{C57788B6-EBE5-4781-B9D0-1C4ADF8801FA}.Debug|Any CPU.Build.0 = Debug|Any CPU
		{C57788B6-EBE5-4781-B9D0-1C4ADF8801FA}.Release|Any CPU.ActiveCfg = Release|Any CPU
		{C57788B6-EBE5-4781-B9D0-1C4ADF8801FA}.Release|Any CPU.Build.0 = Release|Any CPU
	EndGlobalSection
	GlobalSection(SolutionProperties) = preSolution
		HideSolutionNode = FALSE
	EndGlobalSection
	GlobalSection(ExtensibilityGlobals) = postSolution
		SolutionGuid = {13A463A4-6F57-423C-9FA5-0A2014486C20}
	EndGlobalSection
EndGlobal
